// !$*UTF8*$!
{
	archiveVersion = 1;
	classes = {
	};
	objectVersion = 56;
	objects = {

/* Begin PBXBuildFile section */
		18BA2B602A1B87DD00821A21 /* AppDelegate.swift in Sources */ = {isa = PBXBuildFile; fileRef = 18BA2B5F2A1B87DD00821A21 /* AppDelegate.swift */; };
		18BA2B622A1B87DD00821A21 /* SceneDelegate.swift in Sources */ = {isa = PBXBuildFile; fileRef = 18BA2B612A1B87DD00821A21 /* SceneDelegate.swift */; };
		18BA2B642A1B87DD00821A21 /* ViewController.swift in Sources */ = {isa = PBXBuildFile; fileRef = 18BA2B632A1B87DD00821A21 /* ViewController.swift */; };
		18BA2B672A1B87DD00821A21 /* Main.storyboard in Resources */ = {isa = PBXBuildFile; fileRef = 18BA2B652A1B87DD00821A21 /* Main.storyboard */; };
		18BA2B692A1B87DF00821A21 /* Assets.xcassets in Resources */ = {isa = PBXBuildFile; fileRef = 18BA2B682A1B87DF00821A21 /* Assets.xcassets */; };
		18BA2B6C2A1B87DF00821A21 /* LaunchScreen.storyboard in Resources */ = {isa = PBXBuildFile; fileRef = 18BA2B6A2A1B87DF00821A21 /* LaunchScreen.storyboard */; };
		6D18F1CE4DC525232869BF15 /* Pods_YoutubePlayerPractical.framework in Frameworks */ = {isa = PBXBuildFile; fileRef = D17005892D5BAA51462D00F3 /* Pods_YoutubePlayerPractical.framework */; };
/* End PBXBuildFile section */

/* Begin PBXFileReference section */
		18BA2B5C2A1B87DD00821A21 /* YoutubePlayerPractical.app */ = {isa = PBXFileReference; explicitFileType = wrapper.application; includeInIndex = 0; path = YoutubePlayerPractical.app; sourceTree = BUILT_PRODUCTS_DIR; };
		18BA2B5F2A1B87DD00821A21 /* AppDelegate.swift */ = {isa = PBXFileReference; lastKnownFileType = sourcecode.swift; path = AppDelegate.swift; sourceTree = "<group>"; };
		18BA2B612A1B87DD00821A21 /* SceneDelegate.swift */ = {isa = PBXFileReference; lastKnownFileType = sourcecode.swift; path = SceneDelegate.swift; sourceTree = "<group>"; };
		18BA2B632A1B87DD00821A21 /* ViewController.swift */ = {isa = PBXFileReference; lastKnownFileType = sourcecode.swift; path = ViewController.swift; sourceTree = "<group>"; };
		18BA2B662A1B87DD00821A21 /* Base */ = {isa = PBXFileReference; lastKnownFileType = file.storyboard; name = Base; path = Base.lproj/Main.storyboard; sourceTree = "<group>"; };
		18BA2B682A1B87DF00821A21 /* Assets.xcassets */ = {isa = PBXFileReference; lastKnownFileType = folder.assetcatalog; path = Assets.xcassets; sourceTree = "<group>"; };
		18BA2B6B2A1B87DF00821A21 /* Base */ = {isa = PBXFileReference; lastKnownFileType = file.storyboard; name = Base; path = Base.lproj/LaunchScreen.storyboard; sourceTree = "<group>"; };
		18BA2B6D2A1B87DF00821A21 /* Info.plist */ = {isa = PBXFileReference; lastKnownFileType = text.plist.xml; path = Info.plist; sourceTree = "<group>"; };
		AA806EC1BF4A44D0ECA6310C /* Pods-YoutubePlayerPractical.release.xcconfig */ = {isa = PBXFileReference; includeInIndex = 1; lastKnownFileType = text.xcconfig; name = "Pods-YoutubePlayerPractical.release.xcconfig"; path = "Target Support Files/Pods-YoutubePlayerPractical/Pods-YoutubePlayerPractical.release.xcconfig"; sourceTree = "<group>"; };
		D17005892D5BAA51462D00F3 /* Pods_YoutubePlayerPractical.framework */ = {isa = PBXFileReference; explicitFileType = wrapper.framework; includeInIndex = 0; path = Pods_YoutubePlayerPractical.framework; sourceTree = BUILT_PRODUCTS_DIR; };
		F74FA664B0DF173CA6287D75 /* Pods-YoutubePlayerPractical.debug.xcconfig */ = {isa = PBXFileReference; includeInIndex = 1; lastKnownFileType = text.xcconfig; name = "Pods-YoutubePlayerPractical.debug.xcconfig"; path = "Target Support Files/Pods-YoutubePlayerPractical/Pods-YoutubePlayerPractical.debug.xcconfig"; sourceTree = "<group>"; };
/* End PBXFileReference section */

/* Begin PBXFrameworksBuildPhase section */
		18BA2B592A1B87DD00821A21 /* Frameworks */ = {
			isa = PBXFrameworksBuildPhase;
			buildActionMask = 2147483647;
			files = (
				6D18F1CE4DC525232869BF15 /* Pods_YoutubePlayerPractical.framework in Frameworks */,
			);
			runOnlyForDeploymentPostprocessing = 0;
		};
/* End PBXFrameworksBuildPhase section */

/* Begin PBXGroup section */
		18BA2B532A1B87DD00821A21 = {
			isa = PBXGroup;
			children = (
				18BA2B5E2A1B87DD00821A21 /* YoutubePlayerPractical */,
				18BA2B5D2A1B87DD00821A21 /* Products */,
				79C8839008BC921EE765EB0E /* Pods */,
				570AD535AD9361F480426D68 /* Frameworks */,
			);
			sourceTree = "<group>";
		};
		18BA2B5D2A1B87DD00821A21 /* Products */ = {
			isa = PBXGroup;
			children = (
				18BA2B5C2A1B87DD00821A21 /* YoutubePlayerPractical.app */,
			);
			name = Products;
			sourceTree = "<group>";
		};
		18BA2B5E2A1B87DD00821A21 /* YoutubePlayerPractical */ = {
			isa = PBXGroup;
			children = (
				18BA2B5F2A1B87DD00821A21 /* AppDelegate.swift */,
				18BA2B612A1B87DD00821A21 /* SceneDelegate.swift */,
				18BA2B632A1B87DD00821A21 /* ViewController.swift */,
				18BA2B652A1B87DD00821A21 /* Main.storyboard */,
				18BA2B682A1B87DF00821A21 /* Assets.xcassets */,
				18BA2B6A2A1B87DF00821A21 /* LaunchScreen.storyboard */,
				18BA2B6D2A1B87DF00821A21 /* Info.plist */,
			);
			path = YoutubePlayerPractical;
			sourceTree = "<group>";
		};
		570AD535AD9361F480426D68 /* Frameworks */ = {
			isa = PBXGroup;
			children = (
				D17005892D5BAA51462D00F3 /* Pods_YoutubePlayerPractical.framework */,
			);
			name = Frameworks;
			sourceTree = "<group>";
		};
		79C8839008BC921EE765EB0E /* Pods */ = {
			isa = PBXGroup;
			children = (
				F74FA664B0DF173CA6287D75 /* Pods-YoutubePlayerPractical.debug.xcconfig */,
				AA806EC1BF4A44D0ECA6310C /* Pods-YoutubePlayerPractical.release.xcconfig */,
			);
			name = Pods;
			path = Pods;
			sourceTree = "<group>";
		};
/* End PBXGroup section */

/* Begin PBXNativeTarget section */
		18BA2B5B2A1B87DD00821A21 /* YoutubePlayerPractical */ = {
			isa = PBXNativeTarget;
			buildConfigurationList = 18BA2B702A1B87DF00821A21 /* Build configuration list for PBXNativeTarget "YoutubePlayerPractical" */;
			buildPhases = (
				73D0E84D8829359DB9D90966 /* [CP] Check Pods Manifest.lock */,
				18BA2B582A1B87DD00821A21 /* Sources */,
				18BA2B592A1B87DD00821A21 /* Frameworks */,
				18BA2B5A2A1B87DD00821A21 /* Resources */,
				D3A2B25CBB3510ED8AD802A8 /* [CP] Embed Pods Frameworks */,
			);
			buildRules = (
			);
			dependencies = (
			);
			name = YoutubePlayerPractical;
			productName = YoutubePlayerPractical;
			productReference = 18BA2B5C2A1B87DD00821A21 /* YoutubePlayerPractical.app */;
			productType = "com.apple.product-type.application";
		};
/* End PBXNativeTarget section */

/* Begin PBXProject section */
		18BA2B542A1B87DD00821A21 /* Project object */ = {
			isa = PBXProject;
			attributes = {
				BuildIndependentTargetsInParallel = 1;
				LastSwiftUpdateCheck = 1420;
				LastUpgradeCheck = 1420;
				TargetAttributes = {
					18BA2B5B2A1B87DD00821A21 = {
						CreatedOnToolsVersion = 14.2;
					};
				};
			};
			buildConfigurationList = 18BA2B572A1B87DD00821A21 /* Build configuration list for PBXProject "YoutubePlayerPractical" */;
			compatibilityVersion = "Xcode 14.0";
			developmentRegion = en;
			hasScannedForEncodings = 0;
			knownRegions = (
				en,
				Base,
			);
			mainGroup = 18BA2B532A1B87DD00821A21;
			productRefGroup = 18BA2B5D2A1B87DD00821A21 /* Products */;
			projectDirPath = "";
			projectRoot = "";
			targets = (
				18BA2B5B2A1B87DD00821A21 /* YoutubePlayerPractical */,
			);
		};
/* End PBXProject section */

/* Begin PBXResourcesBuildPhase section */
		18BA2B5A2A1B87DD00821A21 /* Resources */ = {
			isa = PBXResourcesBuildPhase;
			buildActionMask = 2147483647;
			files = (
				18BA2B6C2A1B87DF00821A21 /* LaunchScreen.storyboard in Resources */,
				18BA2B692A1B87DF00821A21 /* Assets.xcassets in Resources */,
				18BA2B672A1B87DD00821A21 /* Main.storyboard in Resources */,
			);
			runOnlyForDeploymentPostprocessing = 0;
		};
/* End PBXResourcesBuildPhase section */

/* Begin PBXShellScriptBuildPhase section */
		73D0E84D8829359DB9D90966 /* [CP] Check Pods Manifest.lock */ = {
			isa = PBXShellScriptBuildPhase;
			buildActionMask = 2147483647;
			files = (
			);
			inputFileListPaths = (
			);
			inputPaths = (
				"${PODS_PODFILE_DIR_PATH}/Podfile.lock",
				"${PODS_ROOT}/Manifest.lock",
			);
			name = "[CP] Check Pods Manifest.lock";
			outputFileListPaths = (
			);
			outputPaths = (
				"$(DERIVED_FILE_DIR)/Pods-YoutubePlayerPractical-checkManifestLockResult.txt",
			);
			runOnlyForDeploymentPostprocessing = 0;
			shellPath = /bin/sh;
			shellScript = "diff \"${PODS_PODFILE_DIR_PATH}/Podfile.lock\" \"${PODS_ROOT}/Manifest.lock\" > /dev/null\nif [ $? != 0 ] ; then\n    # print error to STDERR\n    echo \"error: The sandbox is not in sync with the Podfile.lock. Run 'pod install' or update your CocoaPods installation.\" >&2\n    exit 1\nfi\n# This output is used by Xcode 'outputs' to avoid re-running this script phase.\necho \"SUCCESS\" > \"${SCRIPT_OUTPUT_FILE_0}\"\n";
			showEnvVarsInLog = 0;
		};
		D3A2B25CBB3510ED8AD802A8 /* [CP] Embed Pods Frameworks */ = {
			isa = PBXShellScriptBuildPhase;
			buildActionMask = 2147483647;
			files = (
			);
			inputFileListPaths = (
				"${PODS_ROOT}/Target Support Files/Pods-YoutubePlayerPractical/Pods-YoutubePlayerPractical-frameworks-${CONFIGURATION}-input-files.xcfilelist",
			);
			name = "[CP] Embed Pods Frameworks";
			outputFileListPaths = (
				"${PODS_ROOT}/Target Support Files/Pods-YoutubePlayerPractical/Pods-YoutubePlayerPractical-frameworks-${CONFIGURATION}-output-files.xcfilelist",
			);
			runOnlyForDeploymentPostprocessing = 0;
			shellPath = /bin/sh;
			shellScript = "\"${PODS_ROOT}/Target Support Files/Pods-YoutubePlayerPractical/Pods-YoutubePlayerPractical-frameworks.sh\"\n";
			showEnvVarsInLog = 0;
		};
/* End PBXShellScriptBuildPhase section */

/* Begin PBXSourcesBuildPhase section */
		18BA2B582A1B87DD00821A21 /* Sources */ = {
			isa = PBXSourcesBuildPhase;
			buildActionMask = 2147483647;
			files = (
				18BA2B642A1B87DD00821A21 /* ViewController.swift in Sources */,
				18BA2B602A1B87DD00821A21 /* AppDelegate.swift in Sources */,
				18BA2B622A1B87DD00821A21 /* SceneDelegate.swift in Sources */,
			);
			runOnlyForDeploymentPostprocessing = 0;
		};
/* End PBXSourcesBuildPhase section */

/* Begin PBXVariantGroup section */
		18BA2B652A1B87DD00821A21 /* Main.storyboard */ = {
			isa = PBXVariantGroup;
			children = (
				18BA2B662A1B87DD00821A21 /* Base */,
			);
			name = Main.storyboard;
			sourceTree = "<group>";
		};
		18BA2B6A2A1B87DF00821A21 /* LaunchScreen.storyboard */ = {
			isa = PBXVariantGroup;
			children = (
				18BA2B6B2A1B87DF00821A21 /* Base */,
			);
			name = LaunchScreen.storyboard;
			sourceTree = "<group>";
		};
/* End PBXVariantGroup section */

/* Begin XCBuildConfiguration section */
		18BA2B6E2A1B87DF00821A21 /* Debug */ = {
			isa = XCBuildConfiguration;
			buildSettings = {
				ALWAYS_SEARCH_USER_PATHS = NO;
				CLANG_ANALYZER_NONNULL = YES;
				CLANG_ANALYZER_NUMBER_OBJECT_CONVERSION = YES_AGGRESSIVE;
				CLANG_CXX_LANGUAGE_STANDARD = "gnu++20";
				CLANG_ENABLE_MODULES = YES;
				CLANG_ENABLE_OBJC_ARC = YES;
				CLANG_ENABLE_OBJC_WEAK = YES;
				CLANG_WARN_BLOCK_CAPTURE_AUTORELEASING = YES;
				CLANG_WARN_BOOL_CONVERSION = YES;
				CLANG_WARN_COMMA = YES;
				CLANG_WARN_CONSTANT_CONVERSION = YES;
				CLANG_WARN_DEPRECATED_OBJC_IMPLEMENTATIONS = YES;
				CLANG_WARN_DIRECT_OBJC_ISA_USAGE = YES_ERROR;
				CLANG_WARN_DOCUMENTATION_COMMENTS = YES;
				CLANG_WARN_EMPTY_BODY = YES;
				CLANG_WARN_ENUM_CONVERSION = YES;
				CLANG_WARN_INFINITE_RECURSION = YES;
				CLANG_WARN_INT_CONVERSION = YES;
				CLANG_WARN_NON_LITERAL_NULL_CONVERSION = YES;
				CLANG_WARN_OBJC_IMPLICIT_RETAIN_SELF = YES;
				CLANG_WARN_OBJC_LITERAL_CONVERSION = YES;
				CLANG_WARN_OBJC_ROOT_CLASS = YES_ERROR;
				CLANG_WARN_QUOTED_INCLUDE_IN_FRAMEWORK_HEADER = YES;
				CLANG_WARN_RANGE_LOOP_ANALYSIS = YES;
				CLANG_WARN_STRICT_PROTOTYPES = YES;
				CLANG_WARN_SUSPICIOUS_MOVE = YES;
				CLANG_WARN_UNGUARDED_AVAILABILITY = YES_AGGRESSIVE;
				CLANG_WARN_UNREACHABLE_CODE = YES;
				CLANG_WARN__DUPLICATE_METHOD_MATCH = YES;
				COPY_PHASE_STRIP = NO;
				DEBUG_INFORMATION_FORMAT = dwarf;
				ENABLE_STRICT_OBJC_MSGSEND = YES;
				ENABLE_TESTABILITY = YES;
				GCC_C_LANGUAGE_STANDARD = gnu11;
				GCC_DYNAMIC_NO_PIC = NO;
				GCC_NO_COMMON_BLOCKS = YES;
				GCC_OPTIMIZATION_LEVEL = 0;
				GCC_PREPROCESSOR_DEFINITIONS = (
					"DEBUG=1",
					"$(inherited)",
				);
				GCC_WARN_64_TO_32_BIT_CONVERSION = YES;
				GCC_WARN_ABOUT_RETURN_TYPE = YES_ERROR;
				GCC_WARN_UNDECLARED_SELECTOR = YES;
				GCC_WARN_UNINITIALIZED_AUTOS = YES_AGGRESSIVE;
				GCC_WARN_UNUSED_FUNCTION = YES;
				GCC_WARN_UNUSED_VARIABLE = YES;
				IPHONEOS_DEPLOYMENT_TARGET = 16.2;
				MTL_ENABLE_DEBUG_INFO = INCLUDE_SOURCE;
				MTL_FAST_MATH = YES;
				ONLY_ACTIVE_ARCH = YES;
				SDKROOT = iphoneos;
				SWIFT_ACTIVE_COMPILATION_CONDITIONS = DEBUG;
				SWIFT_OPTIMIZATION_LEVEL = "-Onone";
			};
			name = Debug;
		};
		18BA2B6F2A1B87DF00821A21 /* Release */ = {
			isa = XCBuildConfiguration;
			buildSettings = {
				ALWAYS_SEARCH_USER_PATHS = NO;
				CLANG_ANALYZER_NONNULL = YES;
				CLANG_ANALYZER_NUMBER_OBJECT_CONVERSION = YES_AGGRESSIVE;
				CLANG_CXX_LANGUAGE_STANDARD = "gnu++20";
				CLANG_ENABLE_MODULES = YES;
				CLANG_ENABLE_OBJC_ARC = YES;
				CLANG_ENABLE_OBJC_WEAK = YES;
				CLANG_WARN_BLOCK_CAPTURE_AUTORELEASING = YES;
				CLANG_WARN_BOOL_CONVERSION = YES;
				CLANG_WARN_COMMA = YES;
				CLANG_WARN_CONSTANT_CONVERSION = YES;
				CLANG_WARN_DEPRECATED_OBJC_IMPLEMENTATIONS = YES;
				CLANG_WARN_DIRECT_OBJC_ISA_USAGE = YES_ERROR;
				CLANG_WARN_DOCUMENTATION_COMMENTS = YES;
				CLANG_WARN_EMPTY_BODY = YES;
				CLANG_WARN_ENUM_CONVERSION = YES;
				CLANG_WARN_INFINITE_RECURSION = YES;
				CLANG_WARN_INT_CONVERSION = YES;
				CLANG_WARN_NON_LITERAL_NULL_CONVERSION = YES;
				CLANG_WARN_OBJC_IMPLICIT_RETAIN_SELF = YES;
				CLANG_WARN_OBJC_LITERAL_CONVERSION = YES;
				CLANG_WARN_OBJC_ROOT_CLASS = YES_ERROR;
				CLANG_WARN_QUOTED_INCLUDE_IN_FRAMEWORK_HEADER = YES;
				CLANG_WARN_RANGE_LOOP_ANALYSIS = YES;
				CLANG_WARN_STRICT_PROTOTYPES = YES;
				CLANG_WARN_SUSPICIOUS_MOVE = YES;
				CLANG_WARN_UNGUARDED_AVAILABILITY = YES_AGGRESSIVE;
				CLANG_WARN_UNREACHABLE_CODE = YES;
				CLANG_WARN__DUPLICATE_METHOD_MATCH = YES;
				COPY_PHASE_STRIP = NO;
				DEBUG_INFORMATION_FORMAT = "dwarf-with-dsym";
				ENABLE_NS_ASSERTIONS = NO;
				ENABLE_STRICT_OBJC_MSGSEND = YES;
				GCC_C_LANGUAGE_STANDARD = gnu11;
				GCC_NO_COMMON_BLOCKS = YES;
				GCC_WARN_64_TO_32_BIT_CONVERSION = YES;
				GCC_WARN_ABOUT_RETURN_TYPE = YES_ERROR;
				GCC_WARN_UNDECLARED_SELECTOR = YES;
				GCC_WARN_UNINITIALIZED_AUTOS = YES_AGGRESSIVE;
				GCC_WARN_UNUSED_FUNCTION = YES;
				GCC_WARN_UNUSED_VARIABLE = YES;
				IPHONEOS_DEPLOYMENT_TARGET = 16.2;
				MTL_ENABLE_DEBUG_INFO = NO;
				MTL_FAST_MATH = YES;
				SDKROOT = iphoneos;
				SWIFT_COMPILATION_MODE = wholemodule;
				SWIFT_OPTIMIZATION_LEVEL = "-O";
				VALIDATE_PRODUCT = YES;
			};
			name = Release;
		};
		18BA2B712A1B87DF00821A21 /* Debug */ = {
			isa = XCBuildConfiguration;
			baseConfigurationReference = F74FA664B0DF173CA6287D75 /* Pods-YoutubePlayerPractical.debug.xcconfig */;
			buildSettings = {
				ASSETCATALOG_COMPILER_APPICON_NAME = AppIcon;
				ASSETCATALOG_COMPILER_GLOBAL_ACCENT_COLOR_NAME = AccentColor;
				CODE_SIGN_STYLE = Automatic;
				CURRENT_PROJECT_VERSION = 1;
				GENERATE_INFOPLIST_FILE = YES;
				INFOPLIST_FILE = YoutubePlayerPractical/Info.plist;
				INFOPLIST_KEY_UIApplicationSupportsIndirectInputEvents = YES;
				INFOPLIST_KEY_UILaunchStoryboardName = LaunchScreen;
				INFOPLIST_KEY_UIMainStoryboardFile = Main;
				INFOPLIST_KEY_UISupportedInterfaceOrientations_iPad = "UIInterfaceOrientationPortrait UIInterfaceOrientationPortraitUpsideDown UIInterfaceOrientationLandscapeLeft UIInterfaceOrientationLandscapeRight";
				INFOPLIST_KEY_UISupportedInterfaceOrientations_iPhone = "UIInterfaceOrientationPortrait UIInterfaceOrientationLandscapeLeft UIInterfaceOrientationLandscapeRight";
				LD_RUNPATH_SEARCH_PATHS = (
					"$(inherited)",
					"@executable_path/Frameworks",
				);
				MARKETING_VERSION = 1.0;
				PRODUCT_BUNDLE_IDENTIFIER = com.test.YoutubePlayerPractical;
				PRODUCT_NAME = "$(TARGET_NAME)";
				SWIFT_EMIT_LOC_STRINGS = YES;
				SWIFT_VERSION = 5.0;
				TARGETED_DEVICE_FAMILY = "1,2";
			};
			name = Debug;
		};
		18BA2B722A1B87DF00821A21 /* Release */ = {
			isa = XCBuildConfiguration;
			baseConfigurationReference = AA806EC1BF4A44D0ECA6310C /* Pods-YoutubePlayerPractical.release.xcconfig */;
			buildSettings = {
				ASSETCATALOG_COMPILER_APPICON_NAME = AppIcon;
				ASSETCATALOG_COMPILER_GLOBAL_ACCENT_COLOR_NAME = AccentColor;
				CODE_SIGN_STYLE = Automatic;
				CURRENT_PROJECT_VERSION = 1;
				GENERATE_INFOPLIST_FILE = YES;
				INFOPLIST_FILE = YoutubePlayerPractical/Info.plist;
				INFOPLIST_KEY_UIApplicationSupportsIndirectInputEvents = YES;
				INFOPLIST_KEY_UILaunchStoryboardName = LaunchScreen;
				INFOPLIST_KEY_UIMainStoryboardFile = Main;
				INFOPLIST_KEY_UISupportedInterfaceOrientations_iPad = "UIInterfaceOrientationPortrait UIInterfaceOrientationPortraitUpsideDown UIInterfaceOrientationLandscapeLeft UIInterfaceOrientationLandscapeRight";
				INFOPLIST_KEY_UISupportedInterfaceOrientations_iPhone = "UIInterfaceOrientationPortrait UIInterfaceOrientationLandscapeLeft UIInterfaceOrientationLandscapeRight";
				LD_RUNPATH_SEARCH_PATHS = (
					"$(inherited)",
					"@executable_path/Frameworks",
				);
				MARKETING_VERSION = 1.0;
				PRODUCT_BUNDLE_IDENTIFIER = com.test.YoutubePlayerPractical;
				PRODUCT_NAME = "$(TARGET_NAME)";
				SWIFT_EMIT_LOC_STRINGS = YES;
				SWIFT_VERSION = 5.0;
				TARGETED_DEVICE_FAMILY = "1,2";
			};
			name = Release;
		};
/* End XCBuildConfiguration section */

/* Begin XCConfigurationList section */
		18BA2B572A1B87DD00821A21 /* Build configuration list for PBXProject "YoutubePlayerPractical" */ = {
			isa = XCConfigurationList;
			buildConfigurations = (
				18BA2B6E2A1B87DF00821A21 /* Debug */,
				18BA2B6F2A1B87DF00821A21 /* Release */,
			);
			defaultConfigurationIsVisible = 0;
			defaultConfigurationName = Release;
		};
		18BA2B702A1B87DF00821A21 /* Build configuration list for PBXNativeTarget "YoutubePlayerPractical" */ = {
			isa = XCConfigurationList;
			buildConfigurations = (
				18BA2B712A1B87DF00821A21 /* Debug */,
				18BA2B722A1B87DF00821A21 /* Release */,
			);
			defaultConfigurationIsVisible = 0;
			defaultConfigurationName = Release;
		};
/* End XCConfigurationList section */
	};
	rootObject = 18BA2B542A1B87DD00821A21 /* Project object */;
}
